Microsoft Visual Studio Solution File, Format Version 12.00
# Visual Studio Version 17
VisualStudioVersion = 17.5.2.0
MinimumVisualStudioVersion = 10.0.40219.1
Project("{2150E333-8FDC-42A3-9474-1A3956D46DE8}") = "InventorySystem_CSharp_Module12", "InventorySystem_CSharp_Module12", "{88E5DDE6-3951-F4DA-5A5C-3E5DBB8A8A7C}"
EndProject
Project("{2150E333-8FDC-42A3-9474-1A3956D46DE8}") = "InventorySystem_CSharp_Module12", "InventorySystem_CSharp_Module12", "{B7EF8EFE-C5DF-9872-EC55-C5653AF3652D}"
EndProject
Project("{2150E333-8FDC-42A3-9474-1A3956D46DE8}") = "src", "src", "{7AAF11E4-D2B5-FB09-D38E-1F48E4139D96}"
EndProject
Project("{FAE04EC0-301F-11D3-BF4B-00C04F79EFBC}") = "InventorySystemCS", "InventorySystem_CSharp_Module12\InventorySystem_CSharp_Module12\src\InventorySystemCS\InventorySystemCS.csproj", "{09FC488B-0693-928C-816E-2462B44F27D0}"
EndProject
Global
	GlobalSection(SolutionConfigurationPlatforms) = preSolution
		Debug|Any CPU = Debug|Any CPU
		Release|Any CPU = Release|Any CPU
	EndGlobalSection
	GlobalSection(ProjectConfigurationPlatforms) = postSolution
		{09FC488B-0693-928C-816E-2462B44F27D0}.Debug|Any CPU.ActiveCfg = Debug|Any CPU
		{09FC488B-0693-928C-816E-2462B44F27D0}.Debug|Any CPU.Build.0 = Debug|Any CPU
		{09FC488B-0693-928C-816E-2462B44F27D0}.Release|Any CPU.ActiveCfg = Release|Any CPU
		{09FC488B-0693-928C-816E-2462B44F27D0}.Release|Any CPU.Build.0 = Release|Any CPU
	EndGlobalSection
	GlobalSection(SolutionProperties) = preSolution
		HideSolutionNode = FALSE
	EndGlobalSection
	GlobalSection(NestedProjects) = preSolution
		{B7EF8EFE-C5DF-9872-EC55-C5653AF3652D} = {88E5DDE6-3951-F4DA-5A5C-3E5DBB8A8A7C}
		{7AAF11E4-D2B5-FB09-D38E-1F48E4139D96} = {B7EF8EFE-C5DF-9872-EC55-C5653AF3652D}
		{09FC488B-0693-928C-816E-2462B44F27D0} = {7AAF11E4-D2B5-FB09-D38E-1F48E4139D96}
	EndGlobalSection
	GlobalSection(ExtensibilityGlobals) = postSolution
		SolutionGuid = {21F87E1D-BDFB-4C9E-B00B-D4E784A72536}
	EndGlobalSection
EndGlobal
